
Microsoft Visual Studio Solution File, Format Version 12.00
# Visual Studio Version 16
VisualStudioVersion = 16.0.31727.386
MinimumVisualStudioVersion = 10.0.40219.1
Project("{9A19103F-16F7-4668-BE54-9A1E7A4F7556}") = "TrackerLibrary", "TrackerLibrary\TrackerLibrary.csproj", "{DA6DE4B2-ECB2-41BF-930E-7B235268884A}"
EndProject
Project("{FAE04EC0-301F-11D3-BF4B-00C04F79EFBC}") = "TrackerUI", "TrackerUI\TrackerUI.csproj", "{0EEC623D-7CB7-4A86-B31C-A0B135A3BA2A}"
EndProject
Global
	GlobalSection(SolutionConfigurationPlatforms) = preSolution
		Debug|Any CPU = Debug|Any CPU
		Release|Any CPU = Release|Any CPU
	EndGlobalSection
	GlobalSection(ProjectConfigurationPlatforms) = postSolution
		{DA6DE4B2-ECB2-41BF-930E-7B235268884A}.Debug|Any CPU.ActiveCfg = Debug|Any CPU
		{DA6DE4B2-ECB2-41BF-930E-7B235268884A}.Debug|Any CPU.Build.0 = Debug|Any CPU
		{DA6DE4B2-ECB2-41BF-930E-7B235268884A}.Release|Any CPU.ActiveCfg = Release|Any CPU
		{DA6DE4B2-ECB2-41BF-930E-7B235268884A}.Release|Any CPU.Build.0 = Release|Any CPU
		{0EEC623D-7CB7-4A86-B31C-A0B135A3BA2A}.Debug|Any CPU.ActiveCfg = Debug|Any CPU
		{0EEC623D-7CB7-4A86-B31C-A0B135A3BA2A}.Debug|Any CPU.Build.0 = Debug|Any CPU
		{0EEC623D-7CB7-4A86-B31C-A0B135A3BA2A}.Release|Any CPU.ActiveCfg = Release|Any CPU
		{0EEC623D-7CB7-4A86-B31C-A0B135A3BA2A}.Release|Any CPU.Build.0 = Release|Any CPU
	EndGlobalSection
	GlobalSection(SolutionProperties) = preSolution
		HideSolutionNode = FALSE
	EndGlobalSection
	GlobalSection(ExtensibilityGlobals) = postSolution
		SolutionGuid = {4E157704-212C-4BF3-B2C2-D6C63E17C895}
	EndGlobalSection
EndGlobal
